
Microsoft Visual Studio Solution File, Format Version 12.00
Project("{FAE04EC0-301F-11D3-BF4B-00C04F79EFBC}") = "MatchTrade", "MatchTrade\MatchTrade.csproj", "{ABB239A2-6D31-4788-9CCE-D9073135A027}"
EndProject
Project("{2150E333-8FDC-42A3-9474-1A3956D46DE8}") = "Core", "Core", "{F4A45101-E576-4B2F-A9DC-658D1B359010}"
EndProject
Project("{2150E333-8FDC-42A3-9474-1A3956D46DE8}") = "Data", "Data", "{58C3E7AB-B3C8-4CBE-8BB6-56D340141742}"
EndProject
Project("{2150E333-8FDC-42A3-9474-1A3956D46DE8}") = "Lib", "Lib", "{B0375196-408E-4F59-989D-97394B6207C2}"
EndProject
Project("{2150E333-8FDC-42A3-9474-1A3956D46DE8}") = "Test", "Test", "{EFCA5A8E-DFA3-4807-BE27-43EE208156AD}"
EndProject
Project("{FAE04EC0-301F-11D3-BF4B-00C04F79EFBC}") = "MatchTradeTest", "Test\MatchTradeTest\MatchTradeTest.csproj", "{6F950608-0DB0-4F61-B0A0-9EA2FB8D79D5}"
EndProject
Project("{FAE04EC0-301F-11D3-BF4B-00C04F79EFBC}") = "Data.MatchTrade", "Data.MatchTrade\Data.MatchTrade.csproj", "{090CC6E9-D395-4007-923A-088E3FA576DB}"
EndProject
Project("{FAE04EC0-301F-11D3-BF4B-00C04F79EFBC}") = "CoreLibrary", "CoreLibrary\CoreLibrary.csproj", "{CFD587FC-48C7-4DF3-BBFC-B847828C2F4C}"
EndProject
Global
	GlobalSection(SolutionConfigurationPlatforms) = preSolution
		Debug|Any CPU = Debug|Any CPU
		Release|Any CPU = Release|Any CPU
	EndGlobalSection
	GlobalSection(ProjectConfigurationPlatforms) = postSolution
		{ABB239A2-6D31-4788-9CCE-D9073135A027}.Debug|Any CPU.ActiveCfg = Debug|Any CPU
		{ABB239A2-6D31-4788-9CCE-D9073135A027}.Debug|Any CPU.Build.0 = Debug|Any CPU
		{ABB239A2-6D31-4788-9CCE-D9073135A027}.Release|Any CPU.ActiveCfg = Release|Any CPU
		{ABB239A2-6D31-4788-9CCE-D9073135A027}.Release|Any CPU.Build.0 = Release|Any CPU
		{6F950608-0DB0-4F61-B0A0-9EA2FB8D79D5}.Debug|Any CPU.ActiveCfg = Debug|Any CPU
		{6F950608-0DB0-4F61-B0A0-9EA2FB8D79D5}.Debug|Any CPU.Build.0 = Debug|Any CPU
		{6F950608-0DB0-4F61-B0A0-9EA2FB8D79D5}.Release|Any CPU.ActiveCfg = Release|Any CPU
		{6F950608-0DB0-4F61-B0A0-9EA2FB8D79D5}.Release|Any CPU.Build.0 = Release|Any CPU
		{090CC6E9-D395-4007-923A-088E3FA576DB}.Debug|Any CPU.ActiveCfg = Debug|Any CPU
		{090CC6E9-D395-4007-923A-088E3FA576DB}.Debug|Any CPU.Build.0 = Debug|Any CPU
		{090CC6E9-D395-4007-923A-088E3FA576DB}.Release|Any CPU.ActiveCfg = Release|Any CPU
		{090CC6E9-D395-4007-923A-088E3FA576DB}.Release|Any CPU.Build.0 = Release|Any CPU
		{CFD587FC-48C7-4DF3-BBFC-B847828C2F4C}.Debug|Any CPU.ActiveCfg = Debug|Any CPU
		{CFD587FC-48C7-4DF3-BBFC-B847828C2F4C}.Debug|Any CPU.Build.0 = Debug|Any CPU
		{CFD587FC-48C7-4DF3-BBFC-B847828C2F4C}.Release|Any CPU.ActiveCfg = Release|Any CPU
		{CFD587FC-48C7-4DF3-BBFC-B847828C2F4C}.Release|Any CPU.Build.0 = Release|Any CPU
	EndGlobalSection
	GlobalSection(NestedProjects) = preSolution
		{58C3E7AB-B3C8-4CBE-8BB6-56D340141742} = {F4A45101-E576-4B2F-A9DC-658D1B359010}
		{B0375196-408E-4F59-989D-97394B6207C2} = {F4A45101-E576-4B2F-A9DC-658D1B359010}
		{6F950608-0DB0-4F61-B0A0-9EA2FB8D79D5} = {EFCA5A8E-DFA3-4807-BE27-43EE208156AD}
		{090CC6E9-D395-4007-923A-088E3FA576DB} = {58C3E7AB-B3C8-4CBE-8BB6-56D340141742}
		{CFD587FC-48C7-4DF3-BBFC-B847828C2F4C} = {B0375196-408E-4F59-989D-97394B6207C2}
	EndGlobalSection
EndGlobal
